// !$*UTF8*$!
{
	archiveVersion = 1;
	classes = {
	};
	objectVersion = 56;
	objects = {

/* Begin PBXBuildFile section */
		DD4FAEBD2AC97EE7001CD8D0 /* AppDelegate.swift in Sources */ = {isa = PBXBuildFile; fileRef = DD4FAEBC2AC97EE7001CD8D0 /* AppDelegate.swift */; };
		DD4FAEC12AC97EE7001CD8D0 /* ViewController.swift in Sources */ = {isa = PBXBuildFile; fileRef = DD4FAEC02AC97EE7001CD8D0 /* ViewController.swift */; };
		DD4FAEC42AC97EE7001CD8D0 /* Main.storyboard in Resources */ = {isa = PBXBuildFile; fileRef = DD4FAEC22AC97EE7001CD8D0 /* Main.storyboard */; };
		DD4FAEC62AC97EE8001CD8D0 /* Assets.xcassets in Resources */ = {isa = PBXBuildFile; fileRef = DD4FAEC52AC97EE8001CD8D0 /* Assets.xcassets */; };
		DD4FAEC92AC97EE8001CD8D0 /* LaunchScreen.storyboard in Resources */ = {isa = PBXBuildFile; fileRef = DD4FAEC72AC97EE8001CD8D0 /* LaunchScreen.storyboard */; };
		DD4FAED12AC97FAD001CD8D0 /* DetailViewController.swift in Sources */ = {isa = PBXBuildFile; fileRef = DD4FAED02AC97FAD001CD8D0 /* DetailViewController.swift */; };
		DD4FAEF42AC9BDC7001CD8D0 /* SwiftyJSON in Frameworks */ = {isa = PBXBuildFile; productRef = DD4FAEF32AC9BDC7001CD8D0 /* SwiftyJSON */; };
/* End PBXBuildFile section */

/* Begin PBXFileReference section */
		DD4FAEB92AC97EE7001CD8D0 /* WhitehousePetition.app */ = {isa = PBXFileReference; explicitFileType = wrapper.application; includeInIndex = 0; path = WhitehousePetition.app; sourceTree = BUILT_PRODUCTS_DIR; };
		DD4FAEBC2AC97EE7001CD8D0 /* AppDelegate.swift */ = {isa = PBXFileReference; lastKnownFileType = sourcecode.swift; path = AppDelegate.swift; sourceTree = "<group>"; };
		DD4FAEC02AC97EE7001CD8D0 /* ViewController.swift */ = {isa = PBXFileReference; lastKnownFileType = sourcecode.swift; path = ViewController.swift; sourceTree = "<group>"; };
		DD4FAEC32AC97EE7001CD8D0 /* Base */ = {isa = PBXFileReference; lastKnownFileType = file.storyboard; name = Base; path = Base.lproj/Main.storyboard; sourceTree = "<group>"; };
		DD4FAEC52AC97EE8001CD8D0 /* Assets.xcassets */ = {isa = PBXFileReference; lastKnownFileType = folder.assetcatalog; path = Assets.xcassets; sourceTree = "<group>"; };
		DD4FAEC82AC97EE8001CD8D0 /* Base */ = {isa = PBXFileReference; lastKnownFileType = file.storyboard; name = Base; path = Base.lproj/LaunchScreen.storyboard; sourceTree = "<group>"; };
		DD4FAECA2AC97EE8001CD8D0 /* Info.plist */ = {isa = PBXFileReference; lastKnownFileType = text.plist.xml; path = Info.plist; sourceTree = "<group>"; };
		DD4FAED02AC97FAD001CD8D0 /* DetailViewController.swift */ = {isa = PBXFileReference; lastKnownFileType = sourcecode.swift; path = DetailViewController.swift; sourceTree = "<group>"; };
/* End PBXFileReference section */

/* Begin PBXFrameworksBuildPhase section */
		DD4FAEB62AC97EE7001CD8D0 /* Frameworks */ = {
			isa = PBXFrameworksBuildPhase;
			buildActionMask = 2147483647;
			files = (
				DD4FAEF42AC9BDC7001CD8D0 /* SwiftyJSON in Frameworks */,
			);
			runOnlyForDeploymentPostprocessing = 0;
		};
/* End PBXFrameworksBuildPhase section */

/* Begin PBXGroup section */
		DD4FAEB02AC97EE7001CD8D0 = {
			isa = PBXGroup;
			children = (
				DD4FAEBB2AC97EE7001CD8D0 /* WhitehousePetition */,
				DD4FAEBA2AC97EE7001CD8D0 /* Products */,
			);
			sourceTree = "<group>";
		};
		DD4FAEBA2AC97EE7001CD8D0 /* Products */ = {
			isa = PBXGroup;
			children = (
				DD4FAEB92AC97EE7001CD8D0 /* WhitehousePetition.app */,
			);
			name = Products;
			sourceTree = "<group>";
		};
		DD4FAEBB2AC97EE7001CD8D0 /* WhitehousePetition */ = {
			isa = PBXGroup;
			children = (
				DD4FAEBC2AC97EE7001CD8D0 /* AppDelegate.swift */,
				DD4FAEC02AC97EE7001CD8D0 /* ViewController.swift */,
				DD4FAED02AC97FAD001CD8D0 /* DetailViewController.swift */,
				DD4FAEC22AC97EE7001CD8D0 /* Main.storyboard */,
				DD4FAEC52AC97EE8001CD8D0 /* Assets.xcassets */,
				DD4FAEC72AC97EE8001CD8D0 /* LaunchScreen.storyboard */,
				DD4FAECA2AC97EE8001CD8D0 /* Info.plist */,
			);
			path = WhitehousePetition;
			sourceTree = "<group>";
		};
/* End PBXGroup section */

/* Begin PBXNativeTarget section */
		DD4FAEB82AC97EE7001CD8D0 /* WhitehousePetition */ = {
			isa = PBXNativeTarget;
			buildConfigurationList = DD4FAECD2AC97EE8001CD8D0 /* Build configuration list for PBXNativeTarget "WhitehousePetition" */;
			buildPhases = (
				DD4FAEB52AC97EE7001CD8D0 /* Sources */,
				DD4FAEB62AC97EE7001CD8D0 /* Frameworks */,
				DD4FAEB72AC97EE7001CD8D0 /* Resources */,
			);
			buildRules = (
			);
			dependencies = (
			);
			name = WhitehousePetition;
			packageProductDependencies = (
				DD4FAEF32AC9BDC7001CD8D0 /* SwiftyJSON */,
			);
			productName = WhitehousePetition;
			productReference = DD4FAEB92AC97EE7001CD8D0 /* WhitehousePetition.app */;
			productType = "com.apple.product-type.application";
		};
/* End PBXNativeTarget section */

/* Begin PBXProject section */
		DD4FAEB12AC97EE7001CD8D0 /* Project object */ = {
			isa = PBXProject;
			attributes = {
				BuildIndependentTargetsInParallel = 1;
				LastSwiftUpdateCheck = 1500;
				LastUpgradeCheck = 1500;
				TargetAttributes = {
					DD4FAEB82AC97EE7001CD8D0 = {
						CreatedOnToolsVersion = 15.0;
					};
				};
			};
			buildConfigurationList = DD4FAEB42AC97EE7001CD8D0 /* Build configuration list for PBXProject "WhitehousePetition" */;
			compatibilityVersion = "Xcode 14.0";
			developmentRegion = en;
			hasScannedForEncodings = 0;
			knownRegions = (
				en,
				Base,
			);
			mainGroup = DD4FAEB02AC97EE7001CD8D0;
			packageReferences = (
				DD4FAEF22AC9BDC7001CD8D0 /* XCRemoteSwiftPackageReference "SwiftyJSON" */,
			);
			productRefGroup = DD4FAEBA2AC97EE7001CD8D0 /* Products */;
			projectDirPath = "";
			projectRoot = "";
			targets = (
				DD4FAEB82AC97EE7001CD8D0 /* WhitehousePetition */,
			);
		};
/* End PBXProject section */

/* Begin PBXResourcesBuildPhase section */
		DD4FAEB72AC97EE7001CD8D0 /* Resources */ = {
			isa = PBXResourcesBuildPhase;
			buildActionMask = 2147483647;
			files = (
				DD4FAEC92AC97EE8001CD8D0 /* LaunchScreen.storyboard in Resources */,
				DD4FAEC62AC97EE8001CD8D0 /* Assets.xcassets in Resources */,
				DD4FAEC42AC97EE7001CD8D0 /* Main.storyboard in Resources */,
			);
			runOnlyForDeploymentPostprocessing = 0;
		};
/* End PBXResourcesBuildPhase section */

/* Begin PBXSourcesBuildPhase section */
		DD4FAEB52AC97EE7001CD8D0 /* Sources */ = {
			isa = PBXSourcesBuildPhase;
			buildActionMask = 2147483647;
			files = (
				DD4FAEC12AC97EE7001CD8D0 /* ViewController.swift in Sources */,
				DD4FAEBD2AC97EE7001CD8D0 /* AppDelegate.swift in Sources */,
				DD4FAED12AC97FAD001CD8D0 /* DetailViewController.swift in Sources */,
			);
			runOnlyForDeploymentPostprocessing = 0;
		};
/* End PBXSourcesBuildPhase section */

/* Begin PBXVariantGroup section */
		DD4FAEC22AC97EE7001CD8D0 /* Main.storyboard */ = {
			isa = PBXVariantGroup;
			children = (
				DD4FAEC32AC97EE7001CD8D0 /* Base */,
			);
			name = Main.storyboard;
			sourceTree = "<group>";
		};
		DD4FAEC72AC97EE8001CD8D0 /* LaunchScreen.storyboard */ = {
			isa = PBXVariantGroup;
			children = (
				DD4FAEC82AC97EE8001CD8D0 /* Base */,
			);
			name = LaunchScreen.storyboard;
			sourceTree = "<group>";
		};
/* End PBXVariantGroup section */

/* Begin XCBuildConfiguration section */
		DD4FAECB2AC97EE8001CD8D0 /* Debug */ = {
			isa = XCBuildConfiguration;
			buildSettings = {
				ALWAYS_SEARCH_USER_PATHS = NO;
				ASSETCATALOG_COMPILER_GENERATE_SWIFT_ASSET_SYMBOL_EXTENSIONS = YES;
				CLANG_ANALYZER_NONNULL = YES;
				CLANG_ANALYZER_NUMBER_OBJECT_CONVERSION = YES_AGGRESSIVE;
				CLANG_CXX_LANGUAGE_STANDARD = "gnu++20";
				CLANG_ENABLE_MODULES = YES;
				CLANG_ENABLE_OBJC_ARC = YES;
				CLANG_ENABLE_OBJC_WEAK = YES;
				CLANG_WARN_BLOCK_CAPTURE_AUTORELEASING = YES;
				CLANG_WARN_BOOL_CONVERSION = YES;
				CLANG_WARN_COMMA = YES;
				CLANG_WARN_CONSTANT_CONVERSION = YES;
				CLANG_WARN_DEPRECATED_OBJC_IMPLEMENTATIONS = YES;
				CLANG_WARN_DIRECT_OBJC_ISA_USAGE = YES_ERROR;
				CLANG_WARN_DOCUMENTATION_COMMENTS = YES;
				CLANG_WARN_EMPTY_BODY = YES;
				CLANG_WARN_ENUM_CONVERSION = YES;
				CLANG_WARN_INFINITE_RECURSION = YES;
				CLANG_WARN_INT_CONVERSION = YES;
				CLANG_WARN_NON_LITERAL_NULL_CONVERSION = YES;
				CLANG_WARN_OBJC_IMPLICIT_RETAIN_SELF = YES;
				CLANG_WARN_OBJC_LITERAL_CONVERSION = YES;
				CLANG_WARN_OBJC_ROOT_CLASS = YES_ERROR;
				CLANG_WARN_QUOTED_INCLUDE_IN_FRAMEWORK_HEADER = YES;
				CLANG_WARN_RANGE_LOOP_ANALYSIS = YES;
				CLANG_WARN_STRICT_PROTOTYPES = YES;
				CLANG_WARN_SUSPICIOUS_MOVE = YES;
				CLANG_WARN_UNGUARDED_AVAILABILITY = YES_AGGRESSIVE;
				CLANG_WARN_UNREACHABLE_CODE = YES;
				CLANG_WARN__DUPLICATE_METHOD_MATCH = YES;
				COPY_PHASE_STRIP = NO;
				DEBUG_INFORMATION_FORMAT = dwarf;
				ENABLE_STRICT_OBJC_MSGSEND = YES;
				ENABLE_TESTABILITY = YES;
				ENABLE_USER_SCRIPT_SANDBOXING = YES;
				GCC_C_LANGUAGE_STANDARD = gnu17;
				GCC_DYNAMIC_NO_PIC = NO;
				GCC_NO_COMMON_BLOCKS = YES;
				GCC_OPTIMIZATION_LEVEL = 0;
				GCC_PREPROCESSOR_DEFINITIONS = (
					"DEBUG=1",
					"$(inherited)",
				);
				GCC_WARN_64_TO_32_BIT_CONVERSION = YES;
				GCC_WARN_ABOUT_RETURN_TYPE = YES_ERROR;
				GCC_WARN_UNDECLARED_SELECTOR = YES;
				GCC_WARN_UNINITIALIZED_AUTOS = YES_AGGRESSIVE;
				GCC_WARN_UNUSED_FUNCTION = YES;
				GCC_WARN_UNUSED_VARIABLE = YES;
				IPHONEOS_DEPLOYMENT_TARGET = 17.0;
				LOCALIZATION_PREFERS_STRING_CATALOGS = YES;
				MTL_ENABLE_DEBUG_INFO = INCLUDE_SOURCE;
				MTL_FAST_MATH = YES;
				ONLY_ACTIVE_ARCH = YES;
				SDKROOT = iphoneos;
				SWIFT_ACTIVE_COMPILATION_CONDITIONS = "DEBUG $(inherited)";
				SWIFT_OPTIMIZATION_LEVEL = "-Onone";
			};
			name = Debug;
		};
		DD4FAECC2AC97EE8001CD8D0 /* Release */ = {
			isa = XCBuildConfiguration;
			buildSettings = {
				ALWAYS_SEARCH_USER_PATHS = NO;
				ASSETCATALOG_COMPILER_GENERATE_SWIFT_ASSET_SYMBOL_EXTENSIONS = YES;
				CLANG_ANALYZER_NONNULL = YES;
				CLANG_ANALYZER_NUMBER_OBJECT_CONVERSION = YES_AGGRESSIVE;
				CLANG_CXX_LANGUAGE_STANDARD = "gnu++20";
				CLANG_ENABLE_MODULES = YES;
				CLANG_ENABLE_OBJC_ARC = YES;
				CLANG_ENABLE_OBJC_WEAK = YES;
				CLANG_WARN_BLOCK_CAPTURE_AUTORELEASING = YES;
				CLANG_WARN_BOOL_CONVERSION = YES;
				CLANG_WARN_COMMA = YES;
				CLANG_WARN_CONSTANT_CONVERSION = YES;
				CLANG_WARN_DEPRECATED_OBJC_IMPLEMENTATIONS = YES;
				CLANG_WARN_DIRECT_OBJC_ISA_USAGE = YES_ERROR;
				CLANG_WARN_DOCUMENTATION_COMMENTS = YES;
				CLANG_WARN_EMPTY_BODY = YES;
				CLANG_WARN_ENUM_CONVERSION = YES;
				CLANG_WARN_INFINITE_RECURSION = YES;
				CLANG_WARN_INT_CONVERSION = YES;
				CLANG_WARN_NON_LITERAL_NULL_CONVERSION = YES;
				CLANG_WARN_OBJC_IMPLICIT_RETAIN_SELF = YES;
				CLANG_WARN_OBJC_LITERAL_CONVERSION = YES;
				CLANG_WARN_OBJC_ROOT_CLASS = YES_ERROR;
				CLANG_WARN_QUOTED_INCLUDE_IN_FRAMEWORK_HEADER = YES;
				CLANG_WARN_RANGE_LOOP_ANALYSIS = YES;
				CLANG_WARN_STRICT_PROTOTYPES = YES;
				CLANG_WARN_SUSPICIOUS_MOVE = YES;
				CLANG_WARN_UNGUARDED_AVAILABILITY = YES_AGGRESSIVE;
				CLANG_WARN_UNREACHABLE_CODE = YES;
				CLANG_WARN__DUPLICATE_METHOD_MATCH = YES;
				COPY_PHASE_STRIP = NO;
				DEBUG_INFORMATION_FORMAT = "dwarf-with-dsym";
				ENABLE_NS_ASSERTIONS = NO;
				ENABLE_STRICT_OBJC_MSGSEND = YES;
				ENABLE_USER_SCRIPT_SANDBOXING = YES;
				GCC_C_LANGUAGE_STANDARD = gnu17;
				GCC_NO_COMMON_BLOCKS = YES;
				GCC_WARN_64_TO_32_BIT_CONVERSION = YES;
				GCC_WARN_ABOUT_RETURN_TYPE = YES_ERROR;
				GCC_WARN_UNDECLARED_SELECTOR = YES;
				GCC_WARN_UNINITIALIZED_AUTOS = YES_AGGRESSIVE;
				GCC_WARN_UNUSED_FUNCTION = YES;
				GCC_WARN_UNUSED_VARIABLE = YES;
				IPHONEOS_DEPLOYMENT_TARGET = 17.0;
				LOCALIZATION_PREFERS_STRING_CATALOGS = YES;
				MTL_ENABLE_DEBUG_INFO = NO;
				MTL_FAST_MATH = YES;
				SDKROOT = iphoneos;
				SWIFT_COMPILATION_MODE = wholemodule;
				VALIDATE_PRODUCT = YES;
			};
			name = Release;
		};
		DD4FAECE2AC97EE8001CD8D0 /* Debug */ = {
			isa = XCBuildConfiguration;
			buildSettings = {
				ASSETCATALOG_COMPILER_APPICON_NAME = AppIcon;
				ASSETCATALOG_COMPILER_GLOBAL_ACCENT_COLOR_NAME = AccentColor;
				CODE_SIGN_STYLE = Automatic;
				CURRENT_PROJECT_VERSION = 1;
				DEVELOPMENT_TEAM = W49998LVKV;
				GENERATE_INFOPLIST_FILE = YES;
				INFOPLIST_FILE = WhitehousePetition/Info.plist;
				INFOPLIST_KEY_UIApplicationSupportsIndirectInputEvents = YES;
				INFOPLIST_KEY_UILaunchStoryboardName = LaunchScreen;
				INFOPLIST_KEY_UIMainStoryboardFile = Main;
				INFOPLIST_KEY_UISupportedInterfaceOrientations_iPad = "UIInterfaceOrientationPortrait UIInterfaceOrientationPortraitUpsideDown UIInterfaceOrientationLandscapeLeft UIInterfaceOrientationLandscapeRight";
				INFOPLIST_KEY_UISupportedInterfaceOrientations_iPhone = "UIInterfaceOrientationPortrait UIInterfaceOrientationLandscapeLeft UIInterfaceOrientationLandscapeRight";
				LD_RUNPATH_SEARCH_PATHS = (
					"$(inherited)",
					"@executable_path/Frameworks",
				);
				MARKETING_VERSION = 1.0;
				PRODUCT_BUNDLE_IDENTIFIER = MyStartup.WhitehousePetition;
				PRODUCT_NAME = "$(TARGET_NAME)";
				SWIFT_EMIT_LOC_STRINGS = YES;
				SWIFT_VERSION = 5.0;
				TARGETED_DEVICE_FAMILY = "1,2";
			};
			name = Debug;
		};
		DD4FAECF2AC97EE8001CD8D0 /* Release */ = {
			isa = XCBuildConfiguration;
			buildSettings = {
				ASSETCATALOG_COMPILER_APPICON_NAME = AppIcon;
				ASSETCATALOG_COMPILER_GLOBAL_ACCENT_COLOR_NAME = AccentColor;
				CODE_SIGN_STYLE = Automatic;
				CURRENT_PROJECT_VERSION = 1;
				DEVELOPMENT_TEAM = W49998LVKV;
				GENERATE_INFOPLIST_FILE = YES;
				INFOPLIST_FILE = WhitehousePetition/Info.plist;
				INFOPLIST_KEY_UIApplicationSupportsIndirectInputEvents = YES;
				INFOPLIST_KEY_UILaunchStoryboardName = LaunchScreen;
				INFOPLIST_KEY_UIMainStoryboardFile = Main;
				INFOPLIST_KEY_UISupportedInterfaceOrientations_iPad = "UIInterfaceOrientationPortrait UIInterfaceOrientationPortraitUpsideDown UIInterfaceOrientationLandscapeLeft UIInterfaceOrientationLandscapeRight";
				INFOPLIST_KEY_UISupportedInterfaceOrientations_iPhone = "UIInterfaceOrientationPortrait UIInterfaceOrientationLandscapeLeft UIInterfaceOrientationLandscapeRight";
				LD_RUNPATH_SEARCH_PATHS = (
					"$(inherited)",
					"@executable_path/Frameworks",
				);
				MARKETING_VERSION = 1.0;
				PRODUCT_BUNDLE_IDENTIFIER = MyStartup.WhitehousePetition;
				PRODUCT_NAME = "$(TARGET_NAME)";
				SWIFT_EMIT_LOC_STRINGS = YES;
				SWIFT_VERSION = 5.0;
				TARGETED_DEVICE_FAMILY = "1,2";
			};
			name = Release;
		};
/* End XCBuildConfiguration section */

/* Begin XCConfigurationList section */
		DD4FAEB42AC97EE7001CD8D0 /* Build configuration list for PBXProject "WhitehousePetition" */ = {
			isa = XCConfigurationList;
			buildConfigurations = (
				DD4FAECB2AC97EE8001CD8D0 /* Debug */,
				DD4FAECC2AC97EE8001CD8D0 /* Release */,
			);
			defaultConfigurationIsVisible = 0;
			defaultConfigurationName = Release;
		};
		DD4FAECD2AC97EE8001CD8D0 /* Build configuration list for PBXNativeTarget "WhitehousePetition" */ = {
			isa = XCConfigurationList;
			buildConfigurations = (
				DD4FAECE2AC97EE8001CD8D0 /* Debug */,
				DD4FAECF2AC97EE8001CD8D0 /* Release */,
			);
			defaultConfigurationIsVisible = 0;
			defaultConfigurationName = Release;
		};
/* End XCConfigurationList section */

/* Begin XCRemoteSwiftPackageReference section */
		DD4FAEF22AC9BDC7001CD8D0 /* XCRemoteSwiftPackageReference "SwiftyJSON" */ = {
			isa = XCRemoteSwiftPackageReference;
			repositoryURL = "https://github.com/SwiftyJSON/SwiftyJSON";
			requirement = {
				kind = upToNextMajorVersion;
				minimumVersion = 5.0.1;
			};
		};
/* End XCRemoteSwiftPackageReference section */

/* Begin XCSwiftPackageProductDependency section */
		DD4FAEF32AC9BDC7001CD8D0 /* SwiftyJSON */ = {
			isa = XCSwiftPackageProductDependency;
			package = DD4FAEF22AC9BDC7001CD8D0 /* XCRemoteSwiftPackageReference "SwiftyJSON" */;
			productName = SwiftyJSON;
		};
/* End XCSwiftPackageProductDependency section */
	};
	rootObject = DD4FAEB12AC97EE7001CD8D0 /* Project object */;
}
